
Microsoft Visual Studio Solution File, Format Version 12.00
# Visual Studio Version 16
VisualStudioVersion = 16.0.30907.101
MinimumVisualStudioVersion = 10.0.40219.1
Project("{2150E333-8FDC-42A3-9474-1A3956D46DE8}") = "Services", "Services", "{1334AAFC-427B-48CA-BBDD-220989572AA1}"
EndProject
Project("{2150E333-8FDC-42A3-9474-1A3956D46DE8}") = "Catalog", "Catalog", "{C1AC5779-E224-47FA-B91F-1745B91C879D}"
EndProject
Project("{9A19103F-16F7-4668-BE54-9A1E7A4F7556}") = "Catalog.API", "Services\Catalog\Catalog.API\Catalog.API.csproj", "{61099D24-B675-4F72-B45B-A131A4799DA0}"
EndProject
Project("{E53339B2-1760-4266-BCC7-CA923CBCF16C}") = "docker-compose", "docker-compose.dcproj", "{52181E71-8C10-45FE-9C3A-1A8C3339F87A}"
EndProject
Project("{2150E333-8FDC-42A3-9474-1A3956D46DE8}") = "Basket", "Basket", "{CA88960D-8B9A-45DF-8671-2778171A7EDF}"
EndProject
Project("{9A19103F-16F7-4668-BE54-9A1E7A4F7556}") = "Basket.API", "Services\Basket\Basket.API\Basket.API.csproj", "{12B158C0-D016-4E68-ACB8-9BEFB20CA0F6}"
EndProject
Project("{2150E333-8FDC-42A3-9474-1A3956D46DE8}") = "Discount", "Discount", "{1824F1AB-2567-4E7C-992B-431AD9A0EBF3}"
EndProject
Project("{9A19103F-16F7-4668-BE54-9A1E7A4F7556}") = "Discount.API", "Services\Discount\Discount.API\Discount.API.csproj", "{E395D7F1-3D02-49E6-8937-C485CE1570E2}"
EndProject
Project("{9A19103F-16F7-4668-BE54-9A1E7A4F7556}") = "Discount.Grpc", "Services\Discount\Discount.Grpc\Discount.Grpc.csproj", "{3D991B64-5E0D-483C-A4E4-6F6A10CFE16A}"
EndProject
Project("{2150E333-8FDC-42A3-9474-1A3956D46DE8}") = "Ordering", "Ordering", "{C7D74747-8E05-4589-9E58-401C35D69B4F}"
EndProject
Project("{9A19103F-16F7-4668-BE54-9A1E7A4F7556}") = "Ordering.API", "Services\Ordering\Ordering.API\Ordering.API.csproj", "{81034FD6-8D69-457D-A7E3-3DA28FEC50DB}"
EndProject
Project("{9A19103F-16F7-4668-BE54-9A1E7A4F7556}") = "Ordering.Domain", "Services\Ordering\Ordering.Domain\Ordering.Domain.csproj", "{AB321F39-7CE5-4CC3-B2CD-E179F1F4CE66}"
EndProject
Project("{9A19103F-16F7-4668-BE54-9A1E7A4F7556}") = "Ordering.Application", "Services\Ordering\Ordering.Application\Ordering.Application.csproj", "{E21614D0-65EB-437F-B17B-0BF8BCEDB7DD}"
EndProject
Project("{9A19103F-16F7-4668-BE54-9A1E7A4F7556}") = "Ordering.Infrastructure", "Services\Ordering\Ordering.Infrastructure\Ordering.Infrastructure.csproj", "{974CDCFB-F015-41CF-A08D-0AEDD6FA178E}"
EndProject
Project("{2150E333-8FDC-42A3-9474-1A3956D46DE8}") = "BuildingBlocks", "BuildingBlocks", "{52EA8F09-0EC9-4040-8E54-A952AF91062C}"
EndProject
Project("{9A19103F-16F7-4668-BE54-9A1E7A4F7556}") = "EventBus.Messages", "BuildingBlocks\EventBus.Messages\EventBus.Messages.csproj", "{A3D5605D-22DD-4902-8A2B-457526B1E607}"
EndProject
Project("{2150E333-8FDC-42A3-9474-1A3956D46DE8}") = "ApiGateways", "ApiGateways", "{A967EA69-D7AB-4610-BE6B-98A98D62DA5E}"
EndProject
Project("{9A19103F-16F7-4668-BE54-9A1E7A4F7556}") = "OcelotApiGw", "ApiGateways\OcelotApiGw\OcelotApiGw.csproj", "{162F7356-A439-4CA5-BF12-02348A50BDC9}"
EndProject
Project("{FAE04EC0-301F-11D3-BF4B-00C04F79EFBC}") = "Shopping.Aggregator", "ApiGateways\Shopping.Aggregator\Shopping.Aggregator.csproj", "{D8CD9D35-38DF-48B0-A01D-2D5EB3D547EC}"
EndProject
Global
	GlobalSection(SolutionConfigurationPlatforms) = preSolution
		Debug|Any CPU = Debug|Any CPU
		Release|Any CPU = Release|Any CPU
	EndGlobalSection
	GlobalSection(ProjectConfigurationPlatforms) = postSolution
		{61099D24-B675-4F72-B45B-A131A4799DA0}.Debug|Any CPU.ActiveCfg = Debug|Any CPU
		{61099D24-B675-4F72-B45B-A131A4799DA0}.Debug|Any CPU.Build.0 = Debug|Any CPU
		{61099D24-B675-4F72-B45B-A131A4799DA0}.Release|Any CPU.ActiveCfg = Release|Any CPU
		{61099D24-B675-4F72-B45B-A131A4799DA0}.Release|Any CPU.Build.0 = Release|Any CPU
		{52181E71-8C10-45FE-9C3A-1A8C3339F87A}.Debug|Any CPU.ActiveCfg = Debug|Any CPU
		{52181E71-8C10-45FE-9C3A-1A8C3339F87A}.Debug|Any CPU.Build.0 = Debug|Any CPU
		{52181E71-8C10-45FE-9C3A-1A8C3339F87A}.Release|Any CPU.ActiveCfg = Release|Any CPU
		{52181E71-8C10-45FE-9C3A-1A8C3339F87A}.Release|Any CPU.Build.0 = Release|Any CPU
		{12B158C0-D016-4E68-ACB8-9BEFB20CA0F6}.Debug|Any CPU.ActiveCfg = Debug|Any CPU
		{12B158C0-D016-4E68-ACB8-9BEFB20CA0F6}.Debug|Any CPU.Build.0 = Debug|Any CPU
		{12B158C0-D016-4E68-ACB8-9BEFB20CA0F6}.Release|Any CPU.ActiveCfg = Release|Any CPU
		{12B158C0-D016-4E68-ACB8-9BEFB20CA0F6}.Release|Any CPU.Build.0 = Release|Any CPU
		{E395D7F1-3D02-49E6-8937-C485CE1570E2}.Debug|Any CPU.ActiveCfg = Debug|Any CPU
		{E395D7F1-3D02-49E6-8937-C485CE1570E2}.Debug|Any CPU.Build.0 = Debug|Any CPU
		{E395D7F1-3D02-49E6-8937-C485CE1570E2}.Release|Any CPU.ActiveCfg = Release|Any CPU
		{E395D7F1-3D02-49E6-8937-C485CE1570E2}.Release|Any CPU.Build.0 = Release|Any CPU
		{3D991B64-5E0D-483C-A4E4-6F6A10CFE16A}.Debug|Any CPU.ActiveCfg = Debug|Any CPU
		{3D991B64-5E0D-483C-A4E4-6F6A10CFE16A}.Debug|Any CPU.Build.0 = Debug|Any CPU
		{3D991B64-5E0D-483C-A4E4-6F6A10CFE16A}.Release|Any CPU.ActiveCfg = Release|Any CPU
		{3D991B64-5E0D-483C-A4E4-6F6A10CFE16A}.Release|Any CPU.Build.0 = Release|Any CPU
		{81034FD6-8D69-457D-A7E3-3DA28FEC50DB}.Debug|Any CPU.ActiveCfg = Debug|Any CPU
		{81034FD6-8D69-457D-A7E3-3DA28FEC50DB}.Debug|Any CPU.Build.0 = Debug|Any CPU
		{81034FD6-8D69-457D-A7E3-3DA28FEC50DB}.Release|Any CPU.ActiveCfg = Release|Any CPU
		{81034FD6-8D69-457D-A7E3-3DA28FEC50DB}.Release|Any CPU.Build.0 = Release|Any CPU
		{AB321F39-7CE5-4CC3-B2CD-E179F1F4CE66}.Debug|Any CPU.ActiveCfg = Debug|Any CPU
		{AB321F39-7CE5-4CC3-B2CD-E179F1F4CE66}.Debug|Any CPU.Build.0 = Debug|Any CPU
		{AB321F39-7CE5-4CC3-B2CD-E179F1F4CE66}.Release|Any CPU.ActiveCfg = Release|Any CPU
		{AB321F39-7CE5-4CC3-B2CD-E179F1F4CE66}.Release|Any CPU.Build.0 = Release|Any CPU
		{E21614D0-65EB-437F-B17B-0BF8BCEDB7DD}.Debug|Any CPU.ActiveCfg = Debug|Any CPU
		{E21614D0-65EB-437F-B17B-0BF8BCEDB7DD}.Debug|Any CPU.Build.0 = Debug|Any CPU
		{E21614D0-65EB-437F-B17B-0BF8BCEDB7DD}.Release|Any CPU.ActiveCfg = Release|Any CPU
		{E21614D0-65EB-437F-B17B-0BF8BCEDB7DD}.Release|Any CPU.Build.0 = Release|Any CPU
		{974CDCFB-F015-41CF-A08D-0AEDD6FA178E}.Debug|Any CPU.ActiveCfg = Debug|Any CPU
		{974CDCFB-F015-41CF-A08D-0AEDD6FA178E}.Debug|Any CPU.Build.0 = Debug|Any CPU
		{974CDCFB-F015-41CF-A08D-0AEDD6FA178E}.Release|Any CPU.ActiveCfg = Release|Any CPU
		{974CDCFB-F015-41CF-A08D-0AEDD6FA178E}.Release|Any CPU.Build.0 = Release|Any CPU
		{A3D5605D-22DD-4902-8A2B-457526B1E607}.Debug|Any CPU.ActiveCfg = Debug|Any CPU
		{A3D5605D-22DD-4902-8A2B-457526B1E607}.Debug|Any CPU.Build.0 = Debug|Any CPU
		{A3D5605D-22DD-4902-8A2B-457526B1E607}.Release|Any CPU.ActiveCfg = Release|Any CPU
		{A3D5605D-22DD-4902-8A2B-457526B1E607}.Release|Any CPU.Build.0 = Release|Any CPU
		{162F7356-A439-4CA5-BF12-02348A50BDC9}.Debug|Any CPU.ActiveCfg = Debug|Any CPU
		{162F7356-A439-4CA5-BF12-02348A50BDC9}.Debug|Any CPU.Build.0 = Debug|Any CPU
		{162F7356-A439-4CA5-BF12-02348A50BDC9}.Release|Any CPU.ActiveCfg = Release|Any CPU
		{162F7356-A439-4CA5-BF12-02348A50BDC9}.Release|Any CPU.Build.0 = Release|Any CPU
		{D8CD9D35-38DF-48B0-A01D-2D5EB3D547EC}.Debug|Any CPU.ActiveCfg = Debug|Any CPU
		{D8CD9D35-38DF-48B0-A01D-2D5EB3D547EC}.Debug|Any CPU.Build.0 = Debug|Any CPU
		{D8CD9D35-38DF-48B0-A01D-2D5EB3D547EC}.Release|Any CPU.ActiveCfg = Release|Any CPU
		{D8CD9D35-38DF-48B0-A01D-2D5EB3D547EC}.Release|Any CPU.Build.0 = Release|Any CPU
	EndGlobalSection
	GlobalSection(SolutionProperties) = preSolution
		HideSolutionNode = FALSE
	EndGlobalSection
	GlobalSection(NestedProjects) = preSolution
		{C1AC5779-E224-47FA-B91F-1745B91C879D} = {1334AAFC-427B-48CA-BBDD-220989572AA1}
		{61099D24-B675-4F72-B45B-A131A4799DA0} = {C1AC5779-E224-47FA-B91F-1745B91C879D}
		{CA88960D-8B9A-45DF-8671-2778171A7EDF} = {1334AAFC-427B-48CA-BBDD-220989572AA1}
		{12B158C0-D016-4E68-ACB8-9BEFB20CA0F6} = {CA88960D-8B9A-45DF-8671-2778171A7EDF}
		{1824F1AB-2567-4E7C-992B-431AD9A0EBF3} = {1334AAFC-427B-48CA-BBDD-220989572AA1}
		{E395D7F1-3D02-49E6-8937-C485CE1570E2} = {1824F1AB-2567-4E7C-992B-431AD9A0EBF3}
		{3D991B64-5E0D-483C-A4E4-6F6A10CFE16A} = {1824F1AB-2567-4E7C-992B-431AD9A0EBF3}
		{C7D74747-8E05-4589-9E58-401C35D69B4F} = {1334AAFC-427B-48CA-BBDD-220989572AA1}
		{81034FD6-8D69-457D-A7E3-3DA28FEC50DB} = {C7D74747-8E05-4589-9E58-401C35D69B4F}
		{AB321F39-7CE5-4CC3-B2CD-E179F1F4CE66} = {C7D74747-8E05-4589-9E58-401C35D69B4F}
		{E21614D0-65EB-437F-B17B-0BF8BCEDB7DD} = {C7D74747-8E05-4589-9E58-401C35D69B4F}
		{974CDCFB-F015-41CF-A08D-0AEDD6FA178E} = {C7D74747-8E05-4589-9E58-401C35D69B4F}
		{A3D5605D-22DD-4902-8A2B-457526B1E607} = {52EA8F09-0EC9-4040-8E54-A952AF91062C}
		{162F7356-A439-4CA5-BF12-02348A50BDC9} = {A967EA69-D7AB-4610-BE6B-98A98D62DA5E}
		{D8CD9D35-38DF-48B0-A01D-2D5EB3D547EC} = {A967EA69-D7AB-4610-BE6B-98A98D62DA5E}
	EndGlobalSection
	GlobalSection(ExtensibilityGlobals) = postSolution
		SolutionGuid = {8D83E264-1525-46D6-8FA6-25610A217EEF}
	EndGlobalSection
EndGlobal
